
Microsoft Visual Studio Solution File, Format Version 12.00
# Visual Studio 15
VisualStudioVersion = 15.0.27004.2005
MinimumVisualStudioVersion = 10.0.40219.1
Project("{FAE04EC0-301F-11D3-BF4B-00C04F79EFBC}") = "ChatClient", "ChatClient\ChatClient.csproj", "{B6D125CC-9E1F-4654-93BF-24A3A2C2DAA6}"
EndProject
Project("{FAE04EC0-301F-11D3-BF4B-00C04F79EFBC}") = "ChatHost", "ChatHost\ChatHost.csproj", "{F7760BEA-7C55-408F-BEC1-43348744BF0B}"
EndProject
Global
	GlobalSection(SolutionConfigurationPlatforms) = preSolution
		Debug|Any CPU = Debug|Any CPU
		Release|Any CPU = Release|Any CPU
	EndGlobalSection
	GlobalSection(ProjectConfigurationPlatforms) = postSolution
		{B6D125CC-9E1F-4654-93BF-24A3A2C2DAA6}.Debug|Any CPU.ActiveCfg = Debug|Any CPU
		{B6D125CC-9E1F-4654-93BF-24A3A2C2DAA6}.Debug|Any CPU.Build.0 = Debug|Any CPU
		{B6D125CC-9E1F-4654-93BF-24A3A2C2DAA6}.Release|Any CPU.ActiveCfg = Release|Any CPU
		{B6D125CC-9E1F-4654-93BF-24A3A2C2DAA6}.Release|Any CPU.Build.0 = Release|Any CPU
		{F7760BEA-7C55-408F-BEC1-43348744BF0B}.Debug|Any CPU.ActiveCfg = Debug|Any CPU
		{F7760BEA-7C55-408F-BEC1-43348744BF0B}.Debug|Any CPU.Build.0 = Debug|Any CPU
		{F7760BEA-7C55-408F-BEC1-43348744BF0B}.Release|Any CPU.ActiveCfg = Release|Any CPU
		{F7760BEA-7C55-408F-BEC1-43348744BF0B}.Release|Any CPU.Build.0 = Release|Any CPU
	EndGlobalSection
	GlobalSection(SolutionProperties) = preSolution
		HideSolutionNode = FALSE
	EndGlobalSection
	GlobalSection(ExtensibilityGlobals) = postSolution
		SolutionGuid = {EF1CA9A6-B0AC-4A2B-B272-2A338D51527C}
	EndGlobalSection
EndGlobal
